
Microsoft Visual Studio Solution File, Format Version 12.00
# Visual Studio Version 17
VisualStudioVersion = 17.14.36623.8
MinimumVisualStudioVersion = 10.0.40219.1
Project("{FAE04EC0-301F-11D3-BF4B-00C04F79EFBC}") = "AIDataEntry.Api", "AIDataEntry.Api\AIDataEntry.Api.csproj", "{3CAF9D93-144C-4CC5-BED1-66B04998886C}"
EndProject
Project("{FAE04EC0-301F-11D3-BF4B-00C04F79EFBC}") = "AIDataEntry.Application", "AIDataEntry.Application\AIDataEntry.Application.csproj", "{E6E86C31-B937-4F42-A52B-48B8D95D68DD}"
EndProject
Project("{FAE04EC0-301F-11D3-BF4B-00C04F79EFBC}") = "AIDataEntry.Domain", "AIDataEntry.Domain\AIDataEntry.Domain.csproj", "{CA4DBE79-908D-43EA-82EC-894330BC4502}"
EndProject
Project("{FAE04EC0-301F-11D3-BF4B-00C04F79EFBC}") = "AIDataEntry.Infrastructure", "AIDataEntry.Infrastructure\AIDataEntry.Infrastructure.csproj", "{4CED0C0B-1920-48F9-8BFF-1D495379D5A5}"
EndProject
Global
	GlobalSection(SolutionConfigurationPlatforms) = preSolution
		Debug|Any CPU = Debug|Any CPU
		Release|Any CPU = Release|Any CPU
	EndGlobalSection
	GlobalSection(ProjectConfigurationPlatforms) = postSolution
		{3CAF9D93-144C-4CC5-BED1-66B04998886C}.Debug|Any CPU.ActiveCfg = Debug|Any CPU
		{3CAF9D93-144C-4CC5-BED1-66B04998886C}.Debug|Any CPU.Build.0 = Debug|Any CPU
		{3CAF9D93-144C-4CC5-BED1-66B04998886C}.Release|Any CPU.ActiveCfg = Release|Any CPU
		{3CAF9D93-144C-4CC5-BED1-66B04998886C}.Release|Any CPU.Build.0 = Release|Any CPU
		{E6E86C31-B937-4F42-A52B-48B8D95D68DD}.Debug|Any CPU.ActiveCfg = Debug|Any CPU
		{E6E86C31-B937-4F42-A52B-48B8D95D68DD}.Debug|Any CPU.Build.0 = Debug|Any CPU
		{E6E86C31-B937-4F42-A52B-48B8D95D68DD}.Release|Any CPU.ActiveCfg = Release|Any CPU
		{E6E86C31-B937-4F42-A52B-48B8D95D68DD}.Release|Any CPU.Build.0 = Release|Any CPU
		{CA4DBE79-908D-43EA-82EC-894330BC4502}.Debug|Any CPU.ActiveCfg = Debug|Any CPU
		{CA4DBE79-908D-43EA-82EC-894330BC4502}.Debug|Any CPU.Build.0 = Debug|Any CPU
		{CA4DBE79-908D-43EA-82EC-894330BC4502}.Release|Any CPU.ActiveCfg = Release|Any CPU
		{CA4DBE79-908D-43EA-82EC-894330BC4502}.Release|Any CPU.Build.0 = Release|Any CPU
		{4CED0C0B-1920-48F9-8BFF-1D495379D5A5}.Debug|Any CPU.ActiveCfg = Debug|Any CPU
		{4CED0C0B-1920-48F9-8BFF-1D495379D5A5}.Debug|Any CPU.Build.0 = Debug|Any CPU
		{4CED0C0B-1920-48F9-8BFF-1D495379D5A5}.Release|Any CPU.ActiveCfg = Release|Any CPU
		{4CED0C0B-1920-48F9-8BFF-1D495379D5A5}.Release|Any CPU.Build.0 = Release|Any CPU
	EndGlobalSection
	GlobalSection(SolutionProperties) = preSolution
		HideSolutionNode = FALSE
	EndGlobalSection
	GlobalSection(ExtensibilityGlobals) = postSolution
		SolutionGuid = {EB532BBA-62EF-408A-9225-7B8A00EE2BA8}
	EndGlobalSection
EndGlobal
